
Microsoft Visual Studio Solution File, Format Version 12.00
# Visual Studio Version 17
VisualStudioVersion = 17.3.32929.385
MinimumVisualStudioVersion = 10.0.40219.1
Project("{FAE04EC0-301F-11D3-BF4B-00C04F79EFBC}") = "ConsoleApp4", "ConsoleApp4\ConsoleApp4.csproj", "{66BABB4D-272A-4CB7-AB58-486382A5690C}"
EndProject
Global
	GlobalSection(SolutionConfigurationPlatforms) = preSolution
		Debug|Any CPU = Debug|Any CPU
		Release|Any CPU = Release|Any CPU
	EndGlobalSection
	GlobalSection(ProjectConfigurationPlatforms) = postSolution
		{66BABB4D-272A-4CB7-AB58-486382A5690C}.Debug|Any CPU.ActiveCfg = Debug|Any CPU
		{66BABB4D-272A-4CB7-AB58-486382A5690C}.Debug|Any CPU.Build.0 = Debug|Any CPU
		{66BABB4D-272A-4CB7-AB58-486382A5690C}.Release|Any CPU.ActiveCfg = Release|Any CPU
		{66BABB4D-272A-4CB7-AB58-486382A5690C}.Release|Any CPU.Build.0 = Release|Any CPU
	EndGlobalSection
	GlobalSection(SolutionProperties) = preSolution
		HideSolutionNode = FALSE
	EndGlobalSection
	GlobalSection(ExtensibilityGlobals) = postSolution
		SolutionGuid = {AEDCDBE8-D9DC-4DC1-ACC9-14EA59D59473}
	EndGlobalSection
EndGlobal
